{
	"name": "@designsystemsinternational/mechanic-utils",
	"version": "0.0.1",
	"lockfileVersion": 2,
	"requires": true,
	"packages": {
		"": {
			"name": "@designsystemsinternational/mechanic-utils",
			"version": "0.0.1",
			"dependencies": {
				"esm": "^3.2.25",
				"seedrandom": "^3.0.5"
			}
		},
		"node_modules/esm": {
			"version": "3.2.25",
			"resolved": "https://registry.npmjs.org/esm/-/esm-3.2.25.tgz",
			"integrity": "sha512-U1suiZ2oDVWv4zPO56S0NcR5QriEahGtdN2OR6FiOG4WJvcjBVFB0qI4+eKoWFH483PKGuLuu6V8Z4T5g63UVA==",
			"engines": {
				"node": ">=6"
			}
		},
		"node_modules/seedrandom": {
			"version": "3.0.5",
			"resolved": "https://registry.npmjs.org/seedrandom/-/seedrandom-3.0.5.tgz",
			"integrity": "sha512-8OwmbklUNzwezjGInmZ+2clQmExQPvomqjL7LFqOYqtmuxRgQYqOD3mHaU+MvZn5FLUeVxVfQjwLZW/n/JFuqg=="
		}
	},
	"dependencies": {
		"esm": {
			"version": "3.2.25",
			"resolved": "https://registry.npmjs.org/esm/-/esm-3.2.25.tgz",
			"integrity": "sha512-U1suiZ2oDVWv4zPO56S0NcR5QriEahGtdN2OR6FiOG4WJvcjBVFB0qI4+eKoWFH483PKGuLuu6V8Z4T5g63UVA=="
		},
		"seedrandom": {
			"version": "3.0.5",
			"resolved": "https://registry.npmjs.org/seedrandom/-/seedrandom-3.0.5.tgz",
			"integrity": "sha512-8OwmbklUNzwezjGInmZ+2clQmExQPvomqjL7LFqOYqtmuxRgQYqOD3mHaU+MvZn5FLUeVxVfQjwLZW/n/JFuqg=="
		}
	}
}
