{
	"name": "@designsystemsinternational/mechanic-engine-p5",
	"version": "0.0.1",
	"lockfileVersion": 2,
	"requires": true,
	"packages": {
		"": {
			"name": "@designsystemsinternational/mechanic-engine-p5",
			"version": "0.0.1",
			"dependencies": {
				"p5": "^1.1.9"
			}
		},
		"node_modules/p5": {
			"version": "1.1.9",
			"resolved": "https://registry.npmjs.org/p5/-/p5-1.1.9.tgz",
			"integrity": "sha512-gU+UBEAXLGt3RQFzTtsKijF+eBidweIqRrg51AniuLG8LKHzylrB5ilIOzyDgcR1/hWt6danWPArjaVtXHWfWg=="
		}
	},
	"dependencies": {
		"p5": {
			"version": "1.1.9",
			"resolved": "https://registry.npmjs.org/p5/-/p5-1.1.9.tgz",
			"integrity": "sha512-gU+UBEAXLGt3RQFzTtsKijF+eBidweIqRrg51AniuLG8LKHzylrB5ilIOzyDgcR1/hWt6danWPArjaVtXHWfWg=="
		}
	}
}
