{
	"name": "@designsystemsinternational/mechanic-engine-p5",
	"version": "0.0.1",
	"lockfileVersion": 1,
	"requires": true,
	"dependencies": {
		"p5": {
			"version": "1.1.9",
			"resolved": "https://registry.npmjs.org/p5/-/p5-1.1.9.tgz",
			"integrity": "sha512-gU+UBEAXLGt3RQFzTtsKijF+eBidweIqRrg51AniuLG8LKHzylrB5ilIOzyDgcR1/hWt6danWPArjaVtXHWfWg=="
		}
	}
}
