{
	"name": "@mechanic-design/core",
	"version": "2.0.0-beta.12",
	"lockfileVersion": 2,
	"requires": true,
	"packages": {
		"": {
			"name": "@mechanic-design/core",
			"version": "2.0.0-beta.12",
			"license": "MIT",
			"dependencies": {
				"prop-types": "^15.7.2"
			},
			"engines": {
				"node": "^12.20.0 || ^14.13.1 || >=16.0.0"
			}
		},
		"../fonts": {
			"name": "@mechanic-design/fonts",
			"version": "1.1.0",
			"extraneous": true,
			"license": "MIT"
		},
		"../ui-components": {
			"name": "@mechanic-design/ui-components",
			"version": "2.0.0-beta.12",
			"extraneous": true,
			"license": "MIT",
			"dependencies": {
				"@mechanic-design/fonts": "^1.1.0",
				"react-color": "^2.19.3"
			},
			"devDependencies": {
				"@babel/cli": "^7.8.4",
				"@babel/core": "^7.14.6",
				"@babel/plugin-transform-runtime": "^7.14.5",
				"@babel/preset-env": "^7.14.5",
				"@babel/preset-react": "^7.14.5",
				"@babel/runtime": "^7.14.6",
				"@pmmmwh/react-refresh-webpack-plugin": "^0.6.1",
				"babel-loader": "^8.2.2",
				"classnames": "^2.2.6",
				"clean-webpack-plugin": "^3.0.0",
				"css-loader": "^6.2.0",
				"css-minimizer-webpack-plugin": "^3.0.1",
				"get-port": "^5.1.1",
				"html-loader": "^2.1.2",
				"html-webpack-plugin": "^5.3.1",
				"identity-obj-proxy": "^3.0.0",
				"immutable": "^4.0.0-rc.12",
				"mini-css-extract-plugin": "^2.2.0",
				"postcss-loader": "^6.2.1",
				"postcss-preset-env": "^7.4.2",
				"prop-types": "^15.7.2",
				"react": "^19.2.0",
				"react-dom": "^19.2.0",
				"react-refresh": "^0.18.0",
				"react-router": "^5.2.0",
				"react-router-dom": "^5.2.0",
				"regenerator-runtime": "^0.13.1",
				"serve": "^11.0.2",
				"style-loader": "^3.2.1",
				"terser-webpack-plugin": "^5.1.3",
				"webpack": "^5.103.0",
				"webpack-bundle-analyzer": "^4.4.2",
				"webpack-cli": "^6.0.1",
				"webpack-dev-server": "^5.2.2"
			},
			"engines": {
				"node": "^12.20.0 || ^14.13.1 || >=16.0.0"
			},
			"peerDependencies": {
				"react": "^19.2.0",
				"react-dom": "^19.2.0"
			}
		},
		"../utils": {
			"name": "@mechanic-design/utils",
			"version": "2.0.0-beta.10",
			"extraneous": true,
			"license": "MIT",
			"dependencies": {
				"chalk": "^4.1.1",
				"ora": "^5.4.1"
			}
		},
		"node_modules/prop-types": {
			"version": "15.8.1",
			"resolved": "https://registry.npmjs.org/prop-types/-/prop-types-15.8.1.tgz",
			"integrity": "sha512-oj87CgZICdulUohogVAR7AjlC0327U4el4L6eAvOqCeudMDVU0NThNaV+b9Df4dXgSP1gXMTnPdhfe/2qDH5cg==",
			"license": "MIT",
			"dependencies": {
				"loose-envify": "^1.4.0",
				"object-assign": "^4.1.1",
				"react-is": "^16.13.1"
			}
		},
		"node_modules/prop-types/node_modules/js-tokens": {
			"version": "4.0.0",
			"resolved": "https://registry.npmjs.org/js-tokens/-/js-tokens-4.0.0.tgz",
			"integrity": "sha512-RdJUflcE3cUzKiMqQgsCu06FPu9UdIJO0beYbPhHN4k6apgJtifcoCtT9bcxOpYBtpD2kCM6Sbzg4CausW/PKQ==",
			"license": "MIT"
		},
		"node_modules/prop-types/node_modules/loose-envify": {
			"version": "1.4.0",
			"resolved": "https://registry.npmjs.org/loose-envify/-/loose-envify-1.4.0.tgz",
			"integrity": "sha512-lyuxPGr/Wfhrlem2CL/UcnUc1zcqKAImBDzukY7Y5F/yQiNdko6+fRLevlw1HgMySw7f611UIY408EtxRSoK3Q==",
			"license": "MIT",
			"dependencies": {
				"js-tokens": "^3.0.0 || ^4.0.0"
			},
			"bin": {
				"loose-envify": "cli.js"
			}
		},
		"node_modules/prop-types/node_modules/object-assign": {
			"version": "4.1.1",
			"resolved": "https://registry.npmjs.org/object-assign/-/object-assign-4.1.1.tgz",
			"integrity": "sha512-rJgTQnkUnH1sFw8yT6VSU3zD3sWmu6sZhIseY8VX+GRu3P6F7Fu+JNDoXfklElbLJSnc3FUQHVe4cU5hj+BcUg==",
			"license": "MIT",
			"engines": {
				"node": ">=0.10.0"
			}
		},
		"node_modules/prop-types/node_modules/react-is": {
			"version": "16.13.1",
			"resolved": "https://registry.npmjs.org/react-is/-/react-is-16.13.1.tgz",
			"integrity": "sha512-24e6ynE2H+OKt4kqsOvNd8kBpV65zoxbA4BVsEOB3ARVWQki/DHzaUoC5KuON/BiccDaCCTZBuOcfZs70kR8bQ==",
			"license": "MIT"
		}
	},
	"dependencies": {
		"prop-types": {
			"version": "15.8.1",
			"resolved": "https://registry.npmjs.org/prop-types/-/prop-types-15.8.1.tgz",
			"integrity": "sha512-oj87CgZICdulUohogVAR7AjlC0327U4el4L6eAvOqCeudMDVU0NThNaV+b9Df4dXgSP1gXMTnPdhfe/2qDH5cg==",
			"requires": {
				"loose-envify": "^1.4.0",
				"object-assign": "^4.1.1",
				"react-is": "^16.13.1"
			},
			"dependencies": {
				"js-tokens": {
					"version": "4.0.0",
					"resolved": "https://registry.npmjs.org/js-tokens/-/js-tokens-4.0.0.tgz",
					"integrity": "sha512-RdJUflcE3cUzKiMqQgsCu06FPu9UdIJO0beYbPhHN4k6apgJtifcoCtT9bcxOpYBtpD2kCM6Sbzg4CausW/PKQ=="
				},
				"loose-envify": {
					"version": "1.4.0",
					"resolved": "https://registry.npmjs.org/loose-envify/-/loose-envify-1.4.0.tgz",
					"integrity": "sha512-lyuxPGr/Wfhrlem2CL/UcnUc1zcqKAImBDzukY7Y5F/yQiNdko6+fRLevlw1HgMySw7f611UIY408EtxRSoK3Q==",
					"requires": {
						"js-tokens": "^3.0.0 || ^4.0.0"
					}
				},
				"object-assign": {
					"version": "4.1.1",
					"resolved": "https://registry.npmjs.org/object-assign/-/object-assign-4.1.1.tgz",
					"integrity": "sha512-rJgTQnkUnH1sFw8yT6VSU3zD3sWmu6sZhIseY8VX+GRu3P6F7Fu+JNDoXfklElbLJSnc3FUQHVe4cU5hj+BcUg=="
				},
				"react-is": {
					"version": "16.13.1",
					"resolved": "https://registry.npmjs.org/react-is/-/react-is-16.13.1.tgz",
					"integrity": "sha512-24e6ynE2H+OKt4kqsOvNd8kBpV65zoxbA4BVsEOB3ARVWQki/DHzaUoC5KuON/BiccDaCCTZBuOcfZs70kR8bQ=="
				}
			}
		}
	}
}
