{
	"name": "@designsystemsinternational/mechanic-canvas-engine",
	"version": "0.0.1",
	"lockfileVersion": 1,
	"requires": true,
	"dependencies": {
		"mechanic-utils": {
			"version": "file:../mechanic-utils",
			"requires": {
				"seedrandom": "^3.0.5"
			},
			"dependencies": {
				"seedrandom": {
					"version": "3.0.5",
					"resolved": "https://registry.npmjs.org/seedrandom/-/seedrandom-3.0.5.tgz",
					"integrity": "sha512-8OwmbklUNzwezjGInmZ+2clQmExQPvomqjL7LFqOYqtmuxRgQYqOD3mHaU+MvZn5FLUeVxVfQjwLZW/n/JFuqg=="
				}
			}
		}
	}
}
